
Microsoft Visual Studio Solution File, Format Version 12.00
# Visual Studio Version 16
VisualStudioVersion = 16.0.31424.327
MinimumVisualStudioVersion = 10.0.40219.1
Project("{9A19103F-16F7-4668-BE54-9A1E7A4F7556}") = "NololCompiler", "src\NololCompiler.csproj", "{4D3637ED-7205-4779-A034-D814C660F1EA}"
EndProject
Project("{2150E333-8FDC-42A3-9474-1A3956D46DE8}") = "Github", "Github", "{6EE7B15E-E489-4173-9177-3CD481C14CCE}"
	ProjectSection(SolutionItems) = preProject
		.github\workflows\dotnet-desktop.yml = .github\workflows\dotnet-desktop.yml
	EndProjectSection
EndProject
Global
	GlobalSection(SolutionConfigurationPlatforms) = preSolution
		Debug|Any CPU = Debug|Any CPU
		Release|Any CPU = Release|Any CPU
	EndGlobalSection
	GlobalSection(ProjectConfigurationPlatforms) = postSolution
		{4D3637ED-7205-4779-A034-D814C660F1EA}.Debug|Any CPU.ActiveCfg = Debug|Any CPU
		{4D3637ED-7205-4779-A034-D814C660F1EA}.Debug|Any CPU.Build.0 = Debug|Any CPU
		{4D3637ED-7205-4779-A034-D814C660F1EA}.Release|Any CPU.ActiveCfg = Release|Any CPU
		{4D3637ED-7205-4779-A034-D814C660F1EA}.Release|Any CPU.Build.0 = Release|Any CPU
	EndGlobalSection
	GlobalSection(SolutionProperties) = preSolution
		HideSolutionNode = FALSE
	EndGlobalSection
	GlobalSection(ExtensibilityGlobals) = postSolution
		SolutionGuid = {7A7D29C2-9466-4D46-810A-BA64FD24069C}
	EndGlobalSection
EndGlobal
